
Microsoft Visual Studio Solution File, Format Version 12.00
# Visual Studio Version 16
VisualStudioVersion = 16.0.30404.54
MinimumVisualStudioVersion = 10.0.40219.1
Project("{9A19103F-16F7-4668-BE54-9A1E7A4F7556}") = "SW.Gds.Sdk", "SW.Gds.Sdk\SW.Gds.Sdk.csproj", "{5BF4766A-EFDD-46B6-80A4-EF98F15D6503}"
EndProject
Project("{9A19103F-16F7-4668-BE54-9A1E7A4F7556}") = "SW.Gds.Web", "SW.Gds.Web\SW.Gds.Web.csproj", "{BD40C6FE-DFED-411D-ABB8-1CEF3F3EE82E}"
EndProject
Project("{FAE04EC0-301F-11D3-BF4B-00C04F79EFBC}") = "SW.Gds.Util", "SW.Gds.Util\SW.Gds.Util.csproj", "{33A0E42E-3810-4E5D-AB2E-6A5A113F7CC3}"
EndProject
Global
	GlobalSection(SolutionConfigurationPlatforms) = preSolution
		Debug|Any CPU = Debug|Any CPU
		Release|Any CPU = Release|Any CPU
	EndGlobalSection
	GlobalSection(ProjectConfigurationPlatforms) = postSolution
		{5BF4766A-EFDD-46B6-80A4-EF98F15D6503}.Debug|Any CPU.ActiveCfg = Debug|Any CPU
		{5BF4766A-EFDD-46B6-80A4-EF98F15D6503}.Debug|Any CPU.Build.0 = Debug|Any CPU
		{5BF4766A-EFDD-46B6-80A4-EF98F15D6503}.Release|Any CPU.ActiveCfg = Release|Any CPU
		{5BF4766A-EFDD-46B6-80A4-EF98F15D6503}.Release|Any CPU.Build.0 = Release|Any CPU
		{BD40C6FE-DFED-411D-ABB8-1CEF3F3EE82E}.Debug|Any CPU.ActiveCfg = Debug|Any CPU
		{BD40C6FE-DFED-411D-ABB8-1CEF3F3EE82E}.Debug|Any CPU.Build.0 = Debug|Any CPU
		{BD40C6FE-DFED-411D-ABB8-1CEF3F3EE82E}.Release|Any CPU.ActiveCfg = Release|Any CPU
		{BD40C6FE-DFED-411D-ABB8-1CEF3F3EE82E}.Release|Any CPU.Build.0 = Release|Any CPU
		{33A0E42E-3810-4E5D-AB2E-6A5A113F7CC3}.Debug|Any CPU.ActiveCfg = Debug|Any CPU
		{33A0E42E-3810-4E5D-AB2E-6A5A113F7CC3}.Debug|Any CPU.Build.0 = Debug|Any CPU
		{33A0E42E-3810-4E5D-AB2E-6A5A113F7CC3}.Release|Any CPU.ActiveCfg = Release|Any CPU
		{33A0E42E-3810-4E5D-AB2E-6A5A113F7CC3}.Release|Any CPU.Build.0 = Release|Any CPU
	EndGlobalSection
	GlobalSection(SolutionProperties) = preSolution
		HideSolutionNode = FALSE
	EndGlobalSection
	GlobalSection(ExtensibilityGlobals) = postSolution
		SolutionGuid = {80D6C13B-0D59-4BB4-B8FF-FEBC46C537D1}
	EndGlobalSection
EndGlobal
